
Microsoft Visual Studio Solution File, Format Version 12.00
# Visual Studio Version 17
VisualStudioVersion = 17.7.34202.233
MinimumVisualStudioVersion = 10.0.40219.1
Project("{9A19103F-16F7-4668-BE54-9A1E7A4F7556}") = "Stock Manegement", "Stock Manegement\Stock Manegement.csproj", "{D7A76448-B4BC-43AE-8984-8C76CEC5EDF6}"
EndProject
Project("{9A19103F-16F7-4668-BE54-9A1E7A4F7556}") = "EntityLayer", "EntityLayer\EntityLayer.csproj", "{96D2B78A-FBC4-4FA8-87BA-42EEA61C0BD8}"
EndProject
Project("{9A19103F-16F7-4668-BE54-9A1E7A4F7556}") = "DataAccessLayer", "DataAccessLayer\DataAccessLayer.csproj", "{F10934E4-B0C4-41D2-8DFD-3756EC02FBEF}"
EndProject
Project("{9A19103F-16F7-4668-BE54-9A1E7A4F7556}") = "BusinessLayer", "BusinessLayer\BusinessLayer.csproj", "{3D5CB279-8193-4DA6-B564-18A5AEBEA1BA}"
EndProject
Global
	GlobalSection(SolutionConfigurationPlatforms) = preSolution
		Debug|Any CPU = Debug|Any CPU
		Release|Any CPU = Release|Any CPU
	EndGlobalSection
	GlobalSection(ProjectConfigurationPlatforms) = postSolution
		{D7A76448-B4BC-43AE-8984-8C76CEC5EDF6}.Debug|Any CPU.ActiveCfg = Debug|Any CPU
		{D7A76448-B4BC-43AE-8984-8C76CEC5EDF6}.Debug|Any CPU.Build.0 = Debug|Any CPU
		{D7A76448-B4BC-43AE-8984-8C76CEC5EDF6}.Release|Any CPU.ActiveCfg = Release|Any CPU
		{D7A76448-B4BC-43AE-8984-8C76CEC5EDF6}.Release|Any CPU.Build.0 = Release|Any CPU
		{96D2B78A-FBC4-4FA8-87BA-42EEA61C0BD8}.Debug|Any CPU.ActiveCfg = Debug|Any CPU
		{96D2B78A-FBC4-4FA8-87BA-42EEA61C0BD8}.Debug|Any CPU.Build.0 = Debug|Any CPU
		{96D2B78A-FBC4-4FA8-87BA-42EEA61C0BD8}.Release|Any CPU.ActiveCfg = Release|Any CPU
		{96D2B78A-FBC4-4FA8-87BA-42EEA61C0BD8}.Release|Any CPU.Build.0 = Release|Any CPU
		{F10934E4-B0C4-41D2-8DFD-3756EC02FBEF}.Debug|Any CPU.ActiveCfg = Debug|Any CPU
		{F10934E4-B0C4-41D2-8DFD-3756EC02FBEF}.Debug|Any CPU.Build.0 = Debug|Any CPU
		{F10934E4-B0C4-41D2-8DFD-3756EC02FBEF}.Release|Any CPU.ActiveCfg = Release|Any CPU
		{F10934E4-B0C4-41D2-8DFD-3756EC02FBEF}.Release|Any CPU.Build.0 = Release|Any CPU
		{3D5CB279-8193-4DA6-B564-18A5AEBEA1BA}.Debug|Any CPU.ActiveCfg = Debug|Any CPU
		{3D5CB279-8193-4DA6-B564-18A5AEBEA1BA}.Debug|Any CPU.Build.0 = Debug|Any CPU
		{3D5CB279-8193-4DA6-B564-18A5AEBEA1BA}.Release|Any CPU.ActiveCfg = Release|Any CPU
		{3D5CB279-8193-4DA6-B564-18A5AEBEA1BA}.Release|Any CPU.Build.0 = Release|Any CPU
	EndGlobalSection
	GlobalSection(SolutionProperties) = preSolution
		HideSolutionNode = FALSE
	EndGlobalSection
	GlobalSection(ExtensibilityGlobals) = postSolution
		SolutionGuid = {99EC194F-35C3-4E9E-862E-35F7A8FE22E6}
	EndGlobalSection
EndGlobal
